
Microsoft Visual Studio Solution File, Format Version 12.00
# Visual Studio Version 16
VisualStudioVersion = 16.0.31112.23
MinimumVisualStudioVersion = 10.0.40219.1
Project("{FAE04EC0-301F-11D3-BF4B-00C04F79EFBC}") = "Lib1", "Lib1\Lib1.csproj", "{46AF1435-C295-4484-941C-F84D31DF86DD}"
EndProject
Global
	GlobalSection(SolutionConfigurationPlatforms) = preSolution
		Debug|Any CPU = Debug|Any CPU
		Release|Any CPU = Release|Any CPU
	EndGlobalSection
	GlobalSection(ProjectConfigurationPlatforms) = postSolution
		{46AF1435-C295-4484-941C-F84D31DF86DD}.Debug|Any CPU.ActiveCfg = Debug|Any CPU
		{46AF1435-C295-4484-941C-F84D31DF86DD}.Debug|Any CPU.Build.0 = Debug|Any CPU
		{46AF1435-C295-4484-941C-F84D31DF86DD}.Release|Any CPU.ActiveCfg = Release|Any CPU
		{46AF1435-C295-4484-941C-F84D31DF86DD}.Release|Any CPU.Build.0 = Release|Any CPU
	EndGlobalSection
	GlobalSection(SolutionProperties) = preSolution
		HideSolutionNode = FALSE
	EndGlobalSection
	GlobalSection(ExtensibilityGlobals) = postSolution
		SolutionGuid = {6F7B58F4-405D-48D9-AF07-BFFAF76C5345}
	EndGlobalSection
EndGlobal
